github.com/jsonicjs/jsonic/go v0.1.6 h1:oUw4vxCK6tqa7SGN87vjCtx3sCpeHXdqfl25hx5LKP0=
github.com/jsonicjs/jsonic/go v0.1.6/go.mod h1:ObNKlCG7esWoi4AHCpdgkILvPINV8bpvkbCd4llGGUg=
github.com/voxgig-sdk/anapioficeandfire-sdk/go v0.3.0 h1:rQ0nwy7iyOkpGeBO+OXcYq82JIROyB2+vhXwS7/a+TA=
github.com/voxgig-sdk/anapioficeandfire-sdk/go v0.3.0/go.mod h1:ccAkfTo9O6GmZEH4D2I5BXGztyaJZWtS8zEDwE9HfQ0=
